github.com/showwin/speedtest-go v1.4.1 h1:A+3gmwKIQz9RVlXSilLNadcH6j4wUXF0giIqQeANOdg=
github.com/showwin/speedtest-go v1.4.1/go.mod h1:Y7c+pxzaNAlo4mYP+x83pnYY8IM3bkHGDhTdrgUnkNE=
golang.org/x/crypto v0.5.0 h1:U/0M97KRkSFvyD/3FSmdP5W5swImpNgle/EHFhOsQPE=
golang.org/x/crypto v0.5.0/go.mod h1:NK/OQwhpMQP3MwtdjgLlYHnH9ebylxKWv3e0fK+mkQU=
golang.org/x/sys v0.4.0 h1:Zr2JFtRQNX3BCZ8YtxRE9hNJYC8J6I1MVbMg6owUp18=
golang.org/x/sys v0.4.0/go.mod h1:oPkhp1MJrh7nUepCBck5+mAzfO9JrbApNNgaTdGDITg=
